
Microsoft Visual Studio Solution File, Format Version 12.00
# Visual Studio Version 16
VisualStudioVersion = 16.0.33214.272
MinimumVisualStudioVersion = 10.0.40219.1
Project("{888888A0-9F3D-457C-B088-3A5042F75D52}") = "Random Number List Practice", "Random Number List Practice.pyproj", "{9A7E5991-E058-40D5-890A-3B6D679C3DA9}"
EndProject
Global
	GlobalSection(SolutionConfigurationPlatforms) = preSolution
		Debug|Any CPU = Debug|Any CPU
		Release|Any CPU = Release|Any CPU
	EndGlobalSection
	GlobalSection(ProjectConfigurationPlatforms) = postSolution
		{9A7E5991-E058-40D5-890A-3B6D679C3DA9}.Debug|Any CPU.ActiveCfg = Debug|Any CPU
		{9A7E5991-E058-40D5-890A-3B6D679C3DA9}.Release|Any CPU.ActiveCfg = Release|Any CPU
	EndGlobalSection
	GlobalSection(SolutionProperties) = preSolution
		HideSolutionNode = FALSE
	EndGlobalSection
	GlobalSection(ExtensibilityGlobals) = postSolution
		SolutionGuid = {FA7565C8-6579-456A-92CA-8260C0340752}
	EndGlobalSection
EndGlobal
